
Microsoft Visual Studio Solution File, Format Version 12.00
# Visual Studio Version 16
VisualStudioVersion = 16.0.30524.135
MinimumVisualStudioVersion = 10.0.40219.1
Project("{FAE04EC0-301F-11D3-BF4B-00C04F79EFBC}") = "Pustea_Dorita_Laborator5", "Pustea_Dorita_Laborator5.csproj", "{E09F4ECD-76EB-48A7-8293-2DD96942631B}"
EndProject
Global
	GlobalSection(SolutionConfigurationPlatforms) = preSolution
		Debug|Any CPU = Debug|Any CPU
		Release|Any CPU = Release|Any CPU
	EndGlobalSection
	GlobalSection(ProjectConfigurationPlatforms) = postSolution
		{E09F4ECD-76EB-48A7-8293-2DD96942631B}.Debug|Any CPU.ActiveCfg = Debug|Any CPU
		{E09F4ECD-76EB-48A7-8293-2DD96942631B}.Debug|Any CPU.Build.0 = Debug|Any CPU
		{E09F4ECD-76EB-48A7-8293-2DD96942631B}.Release|Any CPU.ActiveCfg = Release|Any CPU
		{E09F4ECD-76EB-48A7-8293-2DD96942631B}.Release|Any CPU.Build.0 = Release|Any CPU
	EndGlobalSection
	GlobalSection(SolutionProperties) = preSolution
		HideSolutionNode = FALSE
	EndGlobalSection
	GlobalSection(ExtensibilityGlobals) = postSolution
		SolutionGuid = {7AD0D06C-16EC-4D17-8996-F896FF388645}
	EndGlobalSection
EndGlobal
